// !$*UTF8*$!
{
	archiveVersion = 1;
	classes = {
	};
	objectVersion = 77;
	objects = {

/* Begin PBXBuildFile section */
		95250C652DCDADE600A9638C /* GoogleGenerativeAI in Frameworks */ = {isa = PBXBuildFile; productRef = 95250C642DCDADE600A9638C /* GoogleGenerativeAI */; };
		B4BC6F4D2DCDF11C00E888DA /* Lottie in Frameworks */ = {isa = PBXBuildFile; productRef = B4BC6F4C2DCDF11C00E888DA /* Lottie */; };
/* End PBXBuildFile section */

/* Begin PBXContainerItemProxy section */
		B4BC69D72DC9FA7600E888DA /* PBXContainerItemProxy */ = {
			isa = PBXContainerItemProxy;
			containerPortal = B4BC69C12DC9FA7500E888DA /* Project object */;
			proxyType = 1;
			remoteGlobalIDString = B4BC69C82DC9FA7500E888DA;
			remoteInfo = curhat;
		};
		B4BC69E12DC9FA7600E888DA /* PBXContainerItemProxy */ = {
			isa = PBXContainerItemProxy;
			containerPortal = B4BC69C12DC9FA7500E888DA /* Project object */;
			proxyType = 1;
			remoteGlobalIDString = B4BC69C82DC9FA7500E888DA;
			remoteInfo = curhat;
		};
/* End PBXContainerItemProxy section */

/* Begin PBXCopyFilesBuildPhase section */
		95250C6A2DCDADF000A9638C /* Embed Frameworks */ = {
			isa = PBXCopyFilesBuildPhase;
			buildActionMask = 2147483647;
			dstPath = "";
			dstSubfolderSpec = 10;
			files = (
			);
			name = "Embed Frameworks";
			runOnlyForDeploymentPostprocessing = 0;
		};
/* End PBXCopyFilesBuildPhase section */

/* Begin PBXFileReference section */
		B4BC69C92DC9FA7500E888DA /* curhat.app */ = {isa = PBXFileReference; explicitFileType = wrapper.application; includeInIndex = 0; path = curhat.app; sourceTree = BUILT_PRODUCTS_DIR; };
		B4BC69D62DC9FA7600E888DA /* curhatTests.xctest */ = {isa = PBXFileReference; explicitFileType = wrapper.cfbundle; includeInIndex = 0; path = curhatTests.xctest; sourceTree = BUILT_PRODUCTS_DIR; };
		B4BC69E02DC9FA7600E888DA /* curhatUITests.xctest */ = {isa = PBXFileReference; explicitFileType = wrapper.cfbundle; includeInIndex = 0; path = curhatUITests.xctest; sourceTree = BUILT_PRODUCTS_DIR; };
/* End PBXFileReference section */

/* Begin PBXFileSystemSynchronizedRootGroup section */
		B4BC69CB2DC9FA7500E888DA /* curhat */ = {
			isa = PBXFileSystemSynchronizedRootGroup;
			path = curhat;
			sourceTree = "<group>";
		};
		B4BC69D92DC9FA7600E888DA /* curhatTests */ = {
			isa = PBXFileSystemSynchronizedRootGroup;
			path = curhatTests;
			sourceTree = "<group>";
		};
		B4BC69E32DC9FA7600E888DA /* curhatUITests */ = {
			isa = PBXFileSystemSynchronizedRootGroup;
			path = curhatUITests;
			sourceTree = "<group>";
		};
/* End PBXFileSystemSynchronizedRootGroup section */

/* Begin PBXFrameworksBuildPhase section */
		B4BC69C62DC9FA7500E888DA /* Frameworks */ = {
			isa = PBXFrameworksBuildPhase;
			buildActionMask = 2147483647;
			files = (
				95250C652DCDADE600A9638C /* GoogleGenerativeAI in Frameworks */,
				B4BC6F4D2DCDF11C00E888DA /* Lottie in Frameworks */,
			);
			runOnlyForDeploymentPostprocessing = 0;
		};
		B4BC69D32DC9FA7600E888DA /* Frameworks */ = {
			isa = PBXFrameworksBuildPhase;
			buildActionMask = 2147483647;
			files = (
			);
			runOnlyForDeploymentPostprocessing = 0;
		};
		B4BC69DD2DC9FA7600E888DA /* Frameworks */ = {
			isa = PBXFrameworksBuildPhase;
			buildActionMask = 2147483647;
			files = (
			);
			runOnlyForDeploymentPostprocessing = 0;
		};
/* End PBXFrameworksBuildPhase section */

/* Begin PBXGroup section */
		95250C632DCDADE600A9638C /* Frameworks */ = {
			isa = PBXGroup;
			children = (
			);
			name = Frameworks;
			sourceTree = "<group>";
		};
		B4BC69C02DC9FA7500E888DA = {
			isa = PBXGroup;
			children = (
				B4BC69CB2DC9FA7500E888DA /* curhat */,
				B4BC69D92DC9FA7600E888DA /* curhatTests */,
				B4BC69E32DC9FA7600E888DA /* curhatUITests */,
				95250C632DCDADE600A9638C /* Frameworks */,
				B4BC69CA2DC9FA7500E888DA /* Products */,
			);
			sourceTree = "<group>";
		};
		B4BC69CA2DC9FA7500E888DA /* Products */ = {
			isa = PBXGroup;
			children = (
				B4BC69C92DC9FA7500E888DA /* curhat.app */,
				B4BC69D62DC9FA7600E888DA /* curhatTests.xctest */,
				B4BC69E02DC9FA7600E888DA /* curhatUITests.xctest */,
			);
			name = Products;
			sourceTree = "<group>";
		};
/* End PBXGroup section */

/* Begin PBXNativeTarget section */
		B4BC69C82DC9FA7500E888DA /* curhat */ = {
			isa = PBXNativeTarget;
			buildConfigurationList = B4BC69EA2DC9FA7600E888DA /* Build configuration list for PBXNativeTarget "curhat" */;
			buildPhases = (
				B4BC69C52DC9FA7500E888DA /* Sources */,
				B4BC69C62DC9FA7500E888DA /* Frameworks */,
				B4BC69C72DC9FA7500E888DA /* Resources */,
				95250C6A2DCDADF000A9638C /* Embed Frameworks */,
			);
			buildRules = (
			);
			dependencies = (
			);
			fileSystemSynchronizedGroups = (
				B4BC69CB2DC9FA7500E888DA /* curhat */,
			);
			name = curhat;
			packageProductDependencies = (
				95250C642DCDADE600A9638C /* GoogleGenerativeAI */,
				B4BC6F4C2DCDF11C00E888DA /* Lottie */,
			);
			productName = curhat;
			productReference = B4BC69C92DC9FA7500E888DA /* curhat.app */;
			productType = "com.apple.product-type.application";
		};
		B4BC69D52DC9FA7600E888DA /* curhatTests */ = {
			isa = PBXNativeTarget;
			buildConfigurationList = B4BC69ED2DC9FA7600E888DA /* Build configuration list for PBXNativeTarget "curhatTests" */;
			buildPhases = (
				B4BC69D22DC9FA7600E888DA /* Sources */,
				B4BC69D32DC9FA7600E888DA /* Frameworks */,
				B4BC69D42DC9FA7600E888DA /* Resources */,
			);
			buildRules = (
			);
			dependencies = (
				B4BC69D82DC9FA7600E888DA /* PBXTargetDependency */,
			);
			fileSystemSynchronizedGroups = (
				B4BC69D92DC9FA7600E888DA /* curhatTests */,
			);
			name = curhatTests;
			packageProductDependencies = (
			);
			productName = curhatTests;
			productReference = B4BC69D62DC9FA7600E888DA /* curhatTests.xctest */;
			productType = "com.apple.product-type.bundle.unit-test";
		};
		B4BC69DF2DC9FA7600E888DA /* curhatUITests */ = {
			isa = PBXNativeTarget;
			buildConfigurationList = B4BC69F02DC9FA7600E888DA /* Build configuration list for PBXNativeTarget "curhatUITests" */;
			buildPhases = (
				B4BC69DC2DC9FA7600E888DA /* Sources */,
				B4BC69DD2DC9FA7600E888DA /* Frameworks */,
				B4BC69DE2DC9FA7600E888DA /* Resources */,
			);
			buildRules = (
			);
			dependencies = (
				B4BC69E22DC9FA7600E888DA /* PBXTargetDependency */,
			);
			fileSystemSynchronizedGroups = (
				B4BC69E32DC9FA7600E888DA /* curhatUITests */,
			);
			name = curhatUITests;
			packageProductDependencies = (
			);
			productName = curhatUITests;
			productReference = B4BC69E02DC9FA7600E888DA /* curhatUITests.xctest */;
			productType = "com.apple.product-type.bundle.ui-testing";
		};
/* End PBXNativeTarget section */

/* Begin PBXProject section */
		B4BC69C12DC9FA7500E888DA /* Project object */ = {
			isa = PBXProject;
			attributes = {
				BuildIndependentTargetsInParallel = 1;
				LastSwiftUpdateCheck = 1630;
				LastUpgradeCheck = 1630;
				TargetAttributes = {
					B4BC69C82DC9FA7500E888DA = {
						CreatedOnToolsVersion = 16.3;
					};
					B4BC69D52DC9FA7600E888DA = {
						CreatedOnToolsVersion = 16.3;
						TestTargetID = B4BC69C82DC9FA7500E888DA;
					};
					B4BC69DF2DC9FA7600E888DA = {
						CreatedOnToolsVersion = 16.3;
						TestTargetID = B4BC69C82DC9FA7500E888DA;
					};
				};
			};
			buildConfigurationList = B4BC69C42DC9FA7500E888DA /* Build configuration list for PBXProject "curhat" */;
			developmentRegion = en;
			hasScannedForEncodings = 0;
			knownRegions = (
				en,
				Base,
			);
			mainGroup = B4BC69C02DC9FA7500E888DA;
			minimizedProjectReferenceProxies = 1;
			packageReferences = (
				95250C212DCDAC3300A9638C /* XCRemoteSwiftPackageReference "deprecated-generative-ai-swift" */,
				B4BC6F4B2DCDF11C00E888DA /* XCRemoteSwiftPackageReference "lottie-ios" */,
			);
			preferredProjectObjectVersion = 77;
			productRefGroup = B4BC69CA2DC9FA7500E888DA /* Products */;
			projectDirPath = "";
			projectRoot = "";
			targets = (
				B4BC69C82DC9FA7500E888DA /* curhat */,
				B4BC69D52DC9FA7600E888DA /* curhatTests */,
				B4BC69DF2DC9FA7600E888DA /* curhatUITests */,
			);
		};
/* End PBXProject section */

/* Begin PBXResourcesBuildPhase section */
		B4BC69C72DC9FA7500E888DA /* Resources */ = {
			isa = PBXResourcesBuildPhase;
			buildActionMask = 2147483647;
			files = (
			);
			runOnlyForDeploymentPostprocessing = 0;
		};
		B4BC69D42DC9FA7600E888DA /* Resources */ = {
			isa = PBXResourcesBuildPhase;
			buildActionMask = 2147483647;
			files = (
			);
			runOnlyForDeploymentPostprocessing = 0;
		};
		B4BC69DE2DC9FA7600E888DA /* Resources */ = {
			isa = PBXResourcesBuildPhase;
			buildActionMask = 2147483647;
			files = (
			);
			runOnlyForDeploymentPostprocessing = 0;
		};
/* End PBXResourcesBuildPhase section */

/* Begin PBXSourcesBuildPhase section */
		B4BC69C52DC9FA7500E888DA /* Sources */ = {
			isa = PBXSourcesBuildPhase;
			buildActionMask = 2147483647;
			files = (
			);
			runOnlyForDeploymentPostprocessing = 0;
		};
		B4BC69D22DC9FA7600E888DA /* Sources */ = {
			isa = PBXSourcesBuildPhase;
			buildActionMask = 2147483647;
			files = (
			);
			runOnlyForDeploymentPostprocessing = 0;
		};
		B4BC69DC2DC9FA7600E888DA /* Sources */ = {
			isa = PBXSourcesBuildPhase;
			buildActionMask = 2147483647;
			files = (
			);
			runOnlyForDeploymentPostprocessing = 0;
		};
/* End PBXSourcesBuildPhase section */

/* Begin PBXTargetDependency section */
		B4BC69D82DC9FA7600E888DA /* PBXTargetDependency */ = {
			isa = PBXTargetDependency;
			target = B4BC69C82DC9FA7500E888DA /* curhat */;
			targetProxy = B4BC69D72DC9FA7600E888DA /* PBXContainerItemProxy */;
		};
		B4BC69E22DC9FA7600E888DA /* PBXTargetDependency */ = {
			isa = PBXTargetDependency;
			target = B4BC69C82DC9FA7500E888DA /* curhat */;
			targetProxy = B4BC69E12DC9FA7600E888DA /* PBXContainerItemProxy */;
		};
/* End PBXTargetDependency section */

/* Begin XCBuildConfiguration section */
		B4BC69E82DC9FA7600E888DA /* Debug */ = {
			isa = XCBuildConfiguration;
			buildSettings = {
				ALWAYS_SEARCH_USER_PATHS = NO;
				ASSETCATALOG_COMPILER_GENERATE_SWIFT_ASSET_SYMBOL_EXTENSIONS = YES;
				CLANG_ANALYZER_NONNULL = YES;
				CLANG_ANALYZER_NUMBER_OBJECT_CONVERSION = YES_AGGRESSIVE;
				CLANG_CXX_LANGUAGE_STANDARD = "gnu++20";
				CLANG_ENABLE_MODULES = YES;
				CLANG_ENABLE_OBJC_ARC = YES;
				CLANG_ENABLE_OBJC_WEAK = YES;
				CLANG_WARN_BLOCK_CAPTURE_AUTORELEASING = YES;
				CLANG_WARN_BOOL_CONVERSION = YES;
				CLANG_WARN_COMMA = YES;
				CLANG_WARN_CONSTANT_CONVERSION = YES;
				CLANG_WARN_DEPRECATED_OBJC_IMPLEMENTATIONS = YES;
				CLANG_WARN_DIRECT_OBJC_ISA_USAGE = YES_ERROR;
				CLANG_WARN_DOCUMENTATION_COMMENTS = YES;
				CLANG_WARN_EMPTY_BODY = YES;
				CLANG_WARN_ENUM_CONVERSION = YES;
				CLANG_WARN_INFINITE_RECURSION = YES;
				CLANG_WARN_INT_CONVERSION = YES;
				CLANG_WARN_NON_LITERAL_NULL_CONVERSION = YES;
				CLANG_WARN_OBJC_IMPLICIT_RETAIN_SELF = YES;
				CLANG_WARN_OBJC_LITERAL_CONVERSION = YES;
				CLANG_WARN_OBJC_ROOT_CLASS = YES_ERROR;
				CLANG_WARN_QUOTED_INCLUDE_IN_FRAMEWORK_HEADER = YES;
				CLANG_WARN_RANGE_LOOP_ANALYSIS = YES;
				CLANG_WARN_STRICT_PROTOTYPES = YES;
				CLANG_WARN_SUSPICIOUS_MOVE = YES;
				CLANG_WARN_UNGUARDED_AVAILABILITY = YES_AGGRESSIVE;
				CLANG_WARN_UNREACHABLE_CODE = YES;
				CLANG_WARN__DUPLICATE_METHOD_MATCH = YES;
				COPY_PHASE_STRIP = NO;
				DEBUG_INFORMATION_FORMAT = dwarf;
				DEVELOPMENT_TEAM = 43D48TSAU5;
				ENABLE_STRICT_OBJC_MSGSEND = YES;
				ENABLE_TESTABILITY = YES;
				ENABLE_USER_SCRIPT_SANDBOXING = YES;
				GCC_C_LANGUAGE_STANDARD = gnu17;
				GCC_DYNAMIC_NO_PIC = NO;
				GCC_NO_COMMON_BLOCKS = YES;
				GCC_OPTIMIZATION_LEVEL = 0;
				GCC_PREPROCESSOR_DEFINITIONS = (
					"DEBUG=1",
					"$(inherited)",
				);
				GCC_WARN_64_TO_32_BIT_CONVERSION = YES;
				GCC_WARN_ABOUT_RETURN_TYPE = YES_ERROR;
				GCC_WARN_UNDECLARED_SELECTOR = YES;
				GCC_WARN_UNINITIALIZED_AUTOS = YES_AGGRESSIVE;
				GCC_WARN_UNUSED_FUNCTION = YES;
				GCC_WARN_UNUSED_VARIABLE = YES;
				IPHONEOS_DEPLOYMENT_TARGET = 18.0;
				LOCALIZATION_PREFERS_STRING_CATALOGS = YES;
				MTL_ENABLE_DEBUG_INFO = INCLUDE_SOURCE;
				MTL_FAST_MATH = YES;
				ONLY_ACTIVE_ARCH = YES;
				SDKROOT = iphoneos;
				SWIFT_ACTIVE_COMPILATION_CONDITIONS = "DEBUG $(inherited)";
				SWIFT_OPTIMIZATION_LEVEL = "-Onone";
			};
			name = Debug;
		};
		B4BC69E92DC9FA7600E888DA /* Release */ = {
			isa = XCBuildConfiguration;
			buildSettings = {
				ALWAYS_SEARCH_USER_PATHS = NO;
				ASSETCATALOG_COMPILER_GENERATE_SWIFT_ASSET_SYMBOL_EXTENSIONS = YES;
				CLANG_ANALYZER_NONNULL = YES;
				CLANG_ANALYZER_NUMBER_OBJECT_CONVERSION = YES_AGGRESSIVE;
				CLANG_CXX_LANGUAGE_STANDARD = "gnu++20";
				CLANG_ENABLE_MODULES = YES;
				CLANG_ENABLE_OBJC_ARC = YES;
				CLANG_ENABLE_OBJC_WEAK = YES;
				CLANG_WARN_BLOCK_CAPTURE_AUTORELEASING = YES;
				CLANG_WARN_BOOL_CONVERSION = YES;
				CLANG_WARN_COMMA = YES;
				CLANG_WARN_CONSTANT_CONVERSION = YES;
				CLANG_WARN_DEPRECATED_OBJC_IMPLEMENTATIONS = YES;
				CLANG_WARN_DIRECT_OBJC_ISA_USAGE = YES_ERROR;
				CLANG_WARN_DOCUMENTATION_COMMENTS = YES;
				CLANG_WARN_EMPTY_BODY = YES;
				CLANG_WARN_ENUM_CONVERSION = YES;
				CLANG_WARN_INFINITE_RECURSION = YES;
				CLANG_WARN_INT_CONVERSION = YES;
				CLANG_WARN_NON_LITERAL_NULL_CONVERSION = YES;
				CLANG_WARN_OBJC_IMPLICIT_RETAIN_SELF = YES;
				CLANG_WARN_OBJC_LITERAL_CONVERSION = YES;
				CLANG_WARN_OBJC_ROOT_CLASS = YES_ERROR;
				CLANG_WARN_QUOTED_INCLUDE_IN_FRAMEWORK_HEADER = YES;
				CLANG_WARN_RANGE_LOOP_ANALYSIS = YES;
				CLANG_WARN_STRICT_PROTOTYPES = YES;
				CLANG_WARN_SUSPICIOUS_MOVE = YES;
				CLANG_WARN_UNGUARDED_AVAILABILITY = YES_AGGRESSIVE;
				CLANG_WARN_UNREACHABLE_CODE = YES;
				CLANG_WARN__DUPLICATE_METHOD_MATCH = YES;
				COPY_PHASE_STRIP = NO;
				DEBUG_INFORMATION_FORMAT = "dwarf-with-dsym";
				DEVELOPMENT_TEAM = 43D48TSAU5;
				ENABLE_NS_ASSERTIONS = NO;
				ENABLE_STRICT_OBJC_MSGSEND = YES;
				ENABLE_USER_SCRIPT_SANDBOXING = YES;
				GCC_C_LANGUAGE_STANDARD = gnu17;
				GCC_NO_COMMON_BLOCKS = YES;
				GCC_WARN_64_TO_32_BIT_CONVERSION = YES;
				GCC_WARN_ABOUT_RETURN_TYPE = YES_ERROR;
				GCC_WARN_UNDECLARED_SELECTOR = YES;
				GCC_WARN_UNINITIALIZED_AUTOS = YES_AGGRESSIVE;
				GCC_WARN_UNUSED_FUNCTION = YES;
				GCC_WARN_UNUSED_VARIABLE = YES;
				IPHONEOS_DEPLOYMENT_TARGET = 18.0;
				LOCALIZATION_PREFERS_STRING_CATALOGS = YES;
				MTL_ENABLE_DEBUG_INFO = NO;
				MTL_FAST_MATH = YES;
				SDKROOT = iphoneos;
				SWIFT_COMPILATION_MODE = wholemodule;
				VALIDATE_PRODUCT = YES;
			};
			name = Release;
		};
		B4BC69EB2DC9FA7600E888DA /* Debug */ = {
			isa = XCBuildConfiguration;
			buildSettings = {
				ASSETCATALOG_COMPILER_APPICON_NAME = AppIcon;
				ASSETCATALOG_COMPILER_GLOBAL_ACCENT_COLOR_NAME = AccentColor;
				CODE_SIGN_STYLE = Automatic;
				CURRENT_PROJECT_VERSION = 1;
				DEVELOPMENT_TEAM = 43D48TSAU5;
				ENABLE_PREVIEWS = YES;
				GENERATE_INFOPLIST_FILE = YES;
				INFOPLIST_KEY_CFBundleDisplayName = Emoci;
				INFOPLIST_KEY_NSMicrophoneUsageDescription = "Microphone is require for transcribing speech";
				INFOPLIST_KEY_NSSpeechRecognitionUsageDescription = "Speech Recognition required for transcribing into text";
				INFOPLIST_KEY_UIApplicationSceneManifest_Generation = YES;
				INFOPLIST_KEY_UIApplicationSupportsIndirectInputEvents = YES;
				INFOPLIST_KEY_UILaunchScreen_Generation = YES;
				INFOPLIST_KEY_UISupportedInterfaceOrientations_iPad = "UIInterfaceOrientationPortrait UIInterfaceOrientationPortraitUpsideDown UIInterfaceOrientationLandscapeLeft UIInterfaceOrientationLandscapeRight";
				INFOPLIST_KEY_UISupportedInterfaceOrientations_iPhone = "UIInterfaceOrientationPortrait UIInterfaceOrientationLandscapeLeft UIInterfaceOrientationLandscapeRight";
				IPHONEOS_DEPLOYMENT_TARGET = 18.0;
				LD_RUNPATH_SEARCH_PATHS = (
					"$(inherited)",
					"@executable_path/Frameworks",
				);
				MARKETING_VERSION = 1.0;
				PRODUCT_BUNDLE_IDENTIFIER = mejo.curhat;
				PRODUCT_NAME = "$(TARGET_NAME)";
				SWIFT_EMIT_LOC_STRINGS = YES;
				SWIFT_VERSION = 5.0;
				TARGETED_DEVICE_FAMILY = "1,2";
			};
			name = Debug;
		};
		B4BC69EC2DC9FA7600E888DA /* Release */ = {
			isa = XCBuildConfiguration;
			buildSettings = {
				ASSETCATALOG_COMPILER_APPICON_NAME = AppIcon;
				ASSETCATALOG_COMPILER_GLOBAL_ACCENT_COLOR_NAME = AccentColor;
				CODE_SIGN_STYLE = Automatic;
				CURRENT_PROJECT_VERSION = 1;
				DEVELOPMENT_TEAM = 43D48TSAU5;
				ENABLE_PREVIEWS = YES;
				GENERATE_INFOPLIST_FILE = YES;
				INFOPLIST_KEY_CFBundleDisplayName = Emoci;
				INFOPLIST_KEY_NSMicrophoneUsageDescription = "Microphone is require for transcribing speech";
				INFOPLIST_KEY_NSSpeechRecognitionUsageDescription = "Speech Recognition required for transcribing into text";
				INFOPLIST_KEY_UIApplicationSceneManifest_Generation = YES;
				INFOPLIST_KEY_UIApplicationSupportsIndirectInputEvents = YES;
				INFOPLIST_KEY_UILaunchScreen_Generation = YES;
				INFOPLIST_KEY_UISupportedInterfaceOrientations_iPad = "UIInterfaceOrientationPortrait UIInterfaceOrientationPortraitUpsideDown UIInterfaceOrientationLandscapeLeft UIInterfaceOrientationLandscapeRight";
				INFOPLIST_KEY_UISupportedInterfaceOrientations_iPhone = "UIInterfaceOrientationPortrait UIInterfaceOrientationLandscapeLeft UIInterfaceOrientationLandscapeRight";
				IPHONEOS_DEPLOYMENT_TARGET = 18.0;
				LD_RUNPATH_SEARCH_PATHS = (
					"$(inherited)",
					"@executable_path/Frameworks",
				);
				MARKETING_VERSION = 1.0;
				PRODUCT_BUNDLE_IDENTIFIER = mejo.curhat;
				PRODUCT_NAME = "$(TARGET_NAME)";
				SWIFT_EMIT_LOC_STRINGS = YES;
				SWIFT_VERSION = 5.0;
				TARGETED_DEVICE_FAMILY = "1,2";
			};
			name = Release;
		};
		B4BC69EE2DC9FA7600E888DA /* Debug */ = {
			isa = XCBuildConfiguration;
			buildSettings = {
				BUNDLE_LOADER = "$(TEST_HOST)";
				CODE_SIGN_STYLE = Automatic;
				CURRENT_PROJECT_VERSION = 1;
				DEVELOPMENT_TEAM = 43D48TSAU5;
				GENERATE_INFOPLIST_FILE = YES;
				IPHONEOS_DEPLOYMENT_TARGET = 18.4;
				MARKETING_VERSION = 1.0;
				PRODUCT_BUNDLE_IDENTIFIER = mejo.curhatTests;
				PRODUCT_NAME = "$(TARGET_NAME)";
				SWIFT_EMIT_LOC_STRINGS = NO;
				SWIFT_VERSION = 5.0;
				TARGETED_DEVICE_FAMILY = "1,2";
				TEST_HOST = "$(BUILT_PRODUCTS_DIR)/curhat.app/$(BUNDLE_EXECUTABLE_FOLDER_PATH)/curhat";
			};
			name = Debug;
		};
		B4BC69EF2DC9FA7600E888DA /* Release */ = {
			isa = XCBuildConfiguration;
			buildSettings = {
				BUNDLE_LOADER = "$(TEST_HOST)";
				CODE_SIGN_STYLE = Automatic;
				CURRENT_PROJECT_VERSION = 1;
				DEVELOPMENT_TEAM = 43D48TSAU5;
				GENERATE_INFOPLIST_FILE = YES;
				IPHONEOS_DEPLOYMENT_TARGET = 18.4;
				MARKETING_VERSION = 1.0;
				PRODUCT_BUNDLE_IDENTIFIER = mejo.curhatTests;
				PRODUCT_NAME = "$(TARGET_NAME)";
				SWIFT_EMIT_LOC_STRINGS = NO;
				SWIFT_VERSION = 5.0;
				TARGETED_DEVICE_FAMILY = "1,2";
				TEST_HOST = "$(BUILT_PRODUCTS_DIR)/curhat.app/$(BUNDLE_EXECUTABLE_FOLDER_PATH)/curhat";
			};
			name = Release;
		};
		B4BC69F12DC9FA7600E888DA /* Debug */ = {
			isa = XCBuildConfiguration;
			buildSettings = {
				CODE_SIGN_STYLE = Automatic;
				CURRENT_PROJECT_VERSION = 1;
				DEVELOPMENT_TEAM = 43D48TSAU5;
				GENERATE_INFOPLIST_FILE = YES;
				MARKETING_VERSION = 1.0;
				PRODUCT_BUNDLE_IDENTIFIER = mejo.curhatUITests;
				PRODUCT_NAME = "$(TARGET_NAME)";
				SWIFT_EMIT_LOC_STRINGS = NO;
				SWIFT_VERSION = 5.0;
				TARGETED_DEVICE_FAMILY = "1,2";
				TEST_TARGET_NAME = curhat;
			};
			name = Debug;
		};
		B4BC69F22DC9FA7600E888DA /* Release */ = {
			isa = XCBuildConfiguration;
			buildSettings = {
				CODE_SIGN_STYLE = Automatic;
				CURRENT_PROJECT_VERSION = 1;
				DEVELOPMENT_TEAM = 43D48TSAU5;
				GENERATE_INFOPLIST_FILE = YES;
				MARKETING_VERSION = 1.0;
				PRODUCT_BUNDLE_IDENTIFIER = mejo.curhatUITests;
				PRODUCT_NAME = "$(TARGET_NAME)";
				SWIFT_EMIT_LOC_STRINGS = NO;
				SWIFT_VERSION = 5.0;
				TARGETED_DEVICE_FAMILY = "1,2";
				TEST_TARGET_NAME = curhat;
			};
			name = Release;
		};
/* End XCBuildConfiguration section */

/* Begin XCConfigurationList section */
		B4BC69C42DC9FA7500E888DA /* Build configuration list for PBXProject "curhat" */ = {
			isa = XCConfigurationList;
			buildConfigurations = (
				B4BC69E82DC9FA7600E888DA /* Debug */,
				B4BC69E92DC9FA7600E888DA /* Release */,
			);
			defaultConfigurationIsVisible = 0;
			defaultConfigurationName = Release;
		};
		B4BC69EA2DC9FA7600E888DA /* Build configuration list for PBXNativeTarget "curhat" */ = {
			isa = XCConfigurationList;
			buildConfigurations = (
				B4BC69EB2DC9FA7600E888DA /* Debug */,
				B4BC69EC2DC9FA7600E888DA /* Release */,
			);
			defaultConfigurationIsVisible = 0;
			defaultConfigurationName = Release;
		};
		B4BC69ED2DC9FA7600E888DA /* Build configuration list for PBXNativeTarget "curhatTests" */ = {
			isa = XCConfigurationList;
			buildConfigurations = (
				B4BC69EE2DC9FA7600E888DA /* Debug */,
				B4BC69EF2DC9FA7600E888DA /* Release */,
			);
			defaultConfigurationIsVisible = 0;
			defaultConfigurationName = Release;
		};
		B4BC69F02DC9FA7600E888DA /* Build configuration list for PBXNativeTarget "curhatUITests" */ = {
			isa = XCConfigurationList;
			buildConfigurations = (
				B4BC69F12DC9FA7600E888DA /* Debug */,
				B4BC69F22DC9FA7600E888DA /* Release */,
			);
			defaultConfigurationIsVisible = 0;
			defaultConfigurationName = Release;
		};
/* End XCConfigurationList section */

/* Begin XCRemoteSwiftPackageReference section */
		95250C212DCDAC3300A9638C /* XCRemoteSwiftPackageReference "deprecated-generative-ai-swift" */ = {
			isa = XCRemoteSwiftPackageReference;
			repositoryURL = "https://github.com/google-gemini/deprecated-generative-ai-swift.git";
			requirement = {
				kind = upToNextMajorVersion;
				minimumVersion = 0.5.6;
			};
		};
		B4BC6F4B2DCDF11C00E888DA /* XCRemoteSwiftPackageReference "lottie-ios" */ = {
			isa = XCRemoteSwiftPackageReference;
			repositoryURL = "https://github.com/airbnb/lottie-ios";
			requirement = {
				kind = upToNextMajorVersion;
				minimumVersion = 4.5.1;
			};
		};
/* End XCRemoteSwiftPackageReference section */

/* Begin XCSwiftPackageProductDependency section */
		95250C642DCDADE600A9638C /* GoogleGenerativeAI */ = {
			isa = XCSwiftPackageProductDependency;
			package = 95250C212DCDAC3300A9638C /* XCRemoteSwiftPackageReference "deprecated-generative-ai-swift" */;
			productName = GoogleGenerativeAI;
		};
		B4BC6F4C2DCDF11C00E888DA /* Lottie */ = {
			isa = XCSwiftPackageProductDependency;
			package = B4BC6F4B2DCDF11C00E888DA /* XCRemoteSwiftPackageReference "lottie-ios" */;
			productName = Lottie;
		};
/* End XCSwiftPackageProductDependency section */
	};
	rootObject = B4BC69C12DC9FA7500E888DA /* Project object */;
}
