{
  "originHash" : "726e281d83720ec4e3b69e2ff048f85d5b882b97ed4d2b5926a82e1fcbba1bc0",
  "pins" : [
    {
      "identity" : "deprecated-generative-ai-swift",
      "kind" : "remoteSourceControl",
      "location" : "https://github.com/google-gemini/deprecated-generative-ai-swift",
      "state" : {
        "revision" : "44b8ce120425f9cf53ca756f3434ca2c2696f8bd",
        "version" : "0.5.6"
      }
    },
    {
      "identity" : "lottie-ios",
      "kind" : "remoteSourceControl",
      "location" : "https://github.com/airbnb/lottie-ios",
      "state" : {
        "revision" : "047aa81b77adcbf583a966dfef620d17650cc656",
        "version" : "4.5.1"
      }
    }
  ],
  "version" : 3
}
